
Microsoft Visual Studio Solution File, Format Version 12.00
# Visual Studio Version 16
VisualStudioVersion = 16.0.31624.102
MinimumVisualStudioVersion = 10.0.40219.1
Project("{FAE04EC0-301F-11D3-BF4B-00C04F79EFBC}") = "MyFirstASP", "MyFirstASP\MyFirstASP.csproj", "{8DFF4B86-54D7-4E08-A152-B20FC9252C81}"
EndProject
Global
	GlobalSection(SolutionConfigurationPlatforms) = preSolution
		Debug|Any CPU = Debug|Any CPU
		Release|Any CPU = Release|Any CPU
	EndGlobalSection
	GlobalSection(ProjectConfigurationPlatforms) = postSolution
		{8DFF4B86-54D7-4E08-A152-B20FC9252C81}.Debug|Any CPU.ActiveCfg = Debug|Any CPU
		{8DFF4B86-54D7-4E08-A152-B20FC9252C81}.Debug|Any CPU.Build.0 = Debug|Any CPU
		{8DFF4B86-54D7-4E08-A152-B20FC9252C81}.Release|Any CPU.ActiveCfg = Release|Any CPU
		{8DFF4B86-54D7-4E08-A152-B20FC9252C81}.Release|Any CPU.Build.0 = Release|Any CPU
	EndGlobalSection
	GlobalSection(SolutionProperties) = preSolution
		HideSolutionNode = FALSE
	EndGlobalSection
	GlobalSection(ExtensibilityGlobals) = postSolution
		SolutionGuid = {34F8C196-A951-4A41-A66D-C7DA4B473CFE}
	EndGlobalSection
EndGlobal
